
Microsoft Visual Studio Solution File, Format Version 12.00
# Visual Studio Version 16
VisualStudioVersion = 16.0.810.16
MinimumVisualStudioVersion = 10.0.40219.1
Project("{FAE04EC0-301F-11D3-BF4B-00C04F79EFBC}") = "ex01", "laba1\ex01.csproj", "{9ED43850-57C1-410B-8353-BA8AA8F12F04}"
EndProject
Project("{FAE04EC0-301F-11D3-BF4B-00C04F79EFBC}") = "ex02", "ex02\ex02.csproj", "{6F2CB50A-7714-4ABA-94CB-45C59A2E7BCA}"
EndProject
Global
	GlobalSection(SolutionConfigurationPlatforms) = preSolution
		Debug|anycpu = Debug|anycpu
		Release|anycpu = Release|anycpu
	EndGlobalSection
	GlobalSection(ProjectConfigurationPlatforms) = postSolution
		{9ED43850-57C1-410B-8353-BA8AA8F12F04}.Debug|anycpu.ActiveCfg = Debug|anycpu
		{9ED43850-57C1-410B-8353-BA8AA8F12F04}.Debug|anycpu.Build.0 = Debug|anycpu
		{9ED43850-57C1-410B-8353-BA8AA8F12F04}.Release|anycpu.ActiveCfg = Release|anycpu
		{9ED43850-57C1-410B-8353-BA8AA8F12F04}.Release|anycpu.Build.0 = Release|anycpu
		{6F2CB50A-7714-4ABA-94CB-45C59A2E7BCA}.Debug|anycpu.ActiveCfg = Debug|anycpu
		{6F2CB50A-7714-4ABA-94CB-45C59A2E7BCA}.Debug|anycpu.Build.0 = Debug|anycpu
		{6F2CB50A-7714-4ABA-94CB-45C59A2E7BCA}.Release|anycpu.ActiveCfg = Release|anycpu
		{6F2CB50A-7714-4ABA-94CB-45C59A2E7BCA}.Release|anycpu.Build.0 = Release|anycpu
	EndGlobalSection
	GlobalSection(SolutionProperties) = preSolution
		HideSolutionNode = FALSE
	EndGlobalSection
	GlobalSection(ExtensibilityGlobals) = postSolution
		SolutionGuid = {C1DA02A4-E02C-406E-BE3C-CA19FDD6B794}
	EndGlobalSection
EndGlobal
